
Microsoft Visual Studio Solution File, Format Version 12.00
# Visual Studio Version 16
VisualStudioVersion = 16.0.31613.86
MinimumVisualStudioVersion = 10.0.40219.1
Project("{FAE04EC0-301F-11D3-BF4B-00C04F79EFBC}") = "Eagle", "Eagle\Eagle.csproj", "{F8CAFE18-7F76-49C6-8C57-E2ABCCFFC9C9}"
EndProject
Global
	GlobalSection(SolutionConfigurationPlatforms) = preSolution
		Debug|Any CPU = Debug|Any CPU
		Release|Any CPU = Release|Any CPU
	EndGlobalSection
	GlobalSection(ProjectConfigurationPlatforms) = postSolution
		{F8CAFE18-7F76-49C6-8C57-E2ABCCFFC9C9}.Debug|Any CPU.ActiveCfg = Debug|Any CPU
		{F8CAFE18-7F76-49C6-8C57-E2ABCCFFC9C9}.Debug|Any CPU.Build.0 = Debug|Any CPU
		{F8CAFE18-7F76-49C6-8C57-E2ABCCFFC9C9}.Release|Any CPU.ActiveCfg = Release|Any CPU
		{F8CAFE18-7F76-49C6-8C57-E2ABCCFFC9C9}.Release|Any CPU.Build.0 = Release|Any CPU
	EndGlobalSection
	GlobalSection(SolutionProperties) = preSolution
		HideSolutionNode = FALSE
	EndGlobalSection
	GlobalSection(ExtensibilityGlobals) = postSolution
		SolutionGuid = {7314C23E-96CD-4B9A-BC06-6984CF11CEE2}
	EndGlobalSection
EndGlobal
